
Microsoft Visual Studio Solution File, Format Version 12.00
# Visual Studio Version 17
VisualStudioVersion = 17.2.32616.157
MinimumVisualStudioVersion = 10.0.40219.1
Project("{FAE04EC0-301F-11D3-BF4B-00C04F79EFBC}") = "Deskhop.net", "Deskhop.net.csproj", "{9F7759CD-75BC-48F7-AC48-7A6F70C0C480}"
EndProject
Global
	GlobalSection(SolutionConfigurationPlatforms) = preSolution
		Debug|Any CPU = Debug|Any CPU
		Release|Any CPU = Release|Any CPU
	EndGlobalSection
	GlobalSection(ProjectConfigurationPlatforms) = postSolution
		{9F7759CD-75BC-48F7-AC48-7A6F70C0C480}.Debug|Any CPU.ActiveCfg = Debug|Any CPU
		{9F7759CD-75BC-48F7-AC48-7A6F70C0C480}.Debug|Any CPU.Build.0 = Debug|Any CPU
		{9F7759CD-75BC-48F7-AC48-7A6F70C0C480}.Release|Any CPU.ActiveCfg = Release|Any CPU
		{9F7759CD-75BC-48F7-AC48-7A6F70C0C480}.Release|Any CPU.Build.0 = Release|Any CPU
	EndGlobalSection
	GlobalSection(SolutionProperties) = preSolution
		HideSolutionNode = FALSE
	EndGlobalSection
	GlobalSection(ExtensibilityGlobals) = postSolution
		SolutionGuid = {A0166D0E-D882-4573-A823-9438BAE9FD0E}
	EndGlobalSection
EndGlobal
